
Microsoft Visual Studio Solution File, Format Version 12.00
# Visual Studio Version 16
VisualStudioVersion = 16.0.28803.452
MinimumVisualStudioVersion = 10.0.40219.1
Project("{F2A71F9B-5D33-465A-A702-920D77279786}") = "FluidSastTest", "FluidSastTest\FluidSastTest.fsproj", "{F8715B00-1335-44E1-9375-96466E6867B7}"
EndProject
Global
	GlobalSection(SolutionConfigurationPlatforms) = preSolution
		Debug|Any CPU = Debug|Any CPU
		Release|Any CPU = Release|Any CPU
	EndGlobalSection
	GlobalSection(ProjectConfigurationPlatforms) = postSolution
		{F8715B00-1335-44E1-9375-96466E6867B7}.Debug|Any CPU.ActiveCfg = Debug|Any CPU
		{F8715B00-1335-44E1-9375-96466E6867B7}.Debug|Any CPU.Build.0 = Debug|Any CPU
		{F8715B00-1335-44E1-9375-96466E6867B7}.Release|Any CPU.ActiveCfg = Release|Any CPU
		{F8715B00-1335-44E1-9375-96466E6867B7}.Release|Any CPU.Build.0 = Release|Any CPU
	EndGlobalSection
	GlobalSection(SolutionProperties) = preSolution
		HideSolutionNode = FALSE
	EndGlobalSection
	GlobalSection(ExtensibilityGlobals) = postSolution
		SolutionGuid = {AA053B00-B168-423D-9132-5ECA50759CB7}
	EndGlobalSection
EndGlobal
